
Microsoft Visual Studio Solution File, Format Version 12.00
# Visual Studio Version 16
VisualStudioVersion = 16.0.32228.343
MinimumVisualStudioVersion = 10.0.40219.1
Project("{FAE04EC0-301F-11D3-BF4B-00C04F79EFBC}") = "testofclass", "testofclass\testofclass.csproj", "{C4827ACD-BC5A-4EA6-934C-CD60FB6182DB}"
EndProject
Global
	GlobalSection(SolutionConfigurationPlatforms) = preSolution
		Debug|Any CPU = Debug|Any CPU
		Release|Any CPU = Release|Any CPU
	EndGlobalSection
	GlobalSection(ProjectConfigurationPlatforms) = postSolution
		{C4827ACD-BC5A-4EA6-934C-CD60FB6182DB}.Debug|Any CPU.ActiveCfg = Debug|Any CPU
		{C4827ACD-BC5A-4EA6-934C-CD60FB6182DB}.Debug|Any CPU.Build.0 = Debug|Any CPU
		{C4827ACD-BC5A-4EA6-934C-CD60FB6182DB}.Release|Any CPU.ActiveCfg = Release|Any CPU
		{C4827ACD-BC5A-4EA6-934C-CD60FB6182DB}.Release|Any CPU.Build.0 = Release|Any CPU
	EndGlobalSection
	GlobalSection(SolutionProperties) = preSolution
		HideSolutionNode = FALSE
	EndGlobalSection
	GlobalSection(ExtensibilityGlobals) = postSolution
		SolutionGuid = {DFDBD5D3-05DE-4C71-889C-766C63FC3582}
	EndGlobalSection
EndGlobal
